Microsoft Visual Studio Solution File, Format Version 12.00
# Visual Studio Version 17
VisualStudioVersion = 17.5.2.0
MinimumVisualStudioVersion = 10.0.40219.1
Project("{FAE04EC0-301F-11D3-BF4B-00C04F79EFBC}") = "Back-End-Development-with-dot-NET", "Back-End-Development-with-dot-NET.csproj", "{5406FA92-30CE-E56F-9875-A06386CADAA5}"
EndProject
Global
	GlobalSection(SolutionConfigurationPlatforms) = preSolution
		Debug|Any CPU = Debug|Any CPU
		Release|Any CPU = Release|Any CPU
	EndGlobalSection
	GlobalSection(ProjectConfigurationPlatforms) = postSolution
		{5406FA92-30CE-E56F-9875-A06386CADAA5}.Debug|Any CPU.ActiveCfg = Debug|Any CPU
		{5406FA92-30CE-E56F-9875-A06386CADAA5}.Debug|Any CPU.Build.0 = Debug|Any CPU
		{5406FA92-30CE-E56F-9875-A06386CADAA5}.Release|Any CPU.ActiveCfg = Release|Any CPU
		{5406FA92-30CE-E56F-9875-A06386CADAA5}.Release|Any CPU.Build.0 = Release|Any CPU
	EndGlobalSection
	GlobalSection(SolutionProperties) = preSolution
		HideSolutionNode = FALSE
	EndGlobalSection
	GlobalSection(ExtensibilityGlobals) = postSolution
		SolutionGuid = {7DDC5E37-5D91-42A9-A49A-4AA8BA59F758}
	EndGlobalSection
EndGlobal
